{
  "object": {
    "pins": [
      {
        "package": "Cryptor",
        "repositoryURL": "https://github.com/IBM-Swift/BlueCryptor.git",
        "state": {
          "branch": null,
          "revision": "25186dc1a53f3eb6d900853f659dff8b9af523aa",
          "version": "1.0.23"
        }
      },
      {
        "package": "Optionals",
        "repositoryURL": "https://github.com/jmmaloney4/Optionals.git",
        "state": {
          "branch": "master",
          "revision": "c92fa5533ead9300bd12ccd833c64ebe99c839d7",
          "version": null
        }
      },
      {
        "package": "SwiftCLI",
        "repositoryURL": "https://github.com/jakeheis/SwiftCLI.git",
        "state": {
          "branch": null,
          "revision": "5318c37d3cacc8780f50b87a8840a6774320ebdf",
          "version": "5.2.2"
        }
      },
      {
        "package": "SwiftyJSON",
        "repositoryURL": "https://github.com/IBM-Swift/SwiftyJSON.git",
        "state": {
          "branch": null,
          "revision": "f2612ea3ac29996ae9601bdcb00cc1c29e26f104",
          "version": "17.0.4"
        }
      }
    ]
  },
  "version": 1
}
